
Microsoft Visual Studio Solution File, Format Version 12.00
# Visual Studio Version 17
VisualStudioVersion = 17.4.33205.214
MinimumVisualStudioVersion = 10.0.40219.1
Project("{FAE04EC0-301F-11D3-BF4B-00C04F79EFBC}") = "Member.Domain", "Member.Domain\Member.Domain.csproj", "{E2181842-FF60-4DD4-B953-A4BC1F82C76E}"
EndProject
Project("{FAE04EC0-301F-11D3-BF4B-00C04F79EFBC}") = "Member.Application", "Member.Application\Member.Application.csproj", "{54C21602-9305-47A6-A70E-407288AAC852}"
EndProject
Project("{FAE04EC0-301F-11D3-BF4B-00C04F79EFBC}") = "Member.Infrastructure", "Member.Infrastructure\Member.Infrastructure.csproj", "{BD9CBF1D-6666-42FB-AE10-F6C7EB3943CA}"
EndProject
Project("{FAE04EC0-301F-11D3-BF4B-00C04F79EFBC}") = "Member.API", "Member.API\Member.API.csproj", "{1BD1DB6B-0891-4138-B59F-1B139C9706CE}"
EndProject
Global
	GlobalSection(SolutionConfigurationPlatforms) = preSolution
		Debug|Any CPU = Debug|Any CPU
		Release|Any CPU = Release|Any CPU
	EndGlobalSection
	GlobalSection(ProjectConfigurationPlatforms) = postSolution
		{E2181842-FF60-4DD4-B953-A4BC1F82C76E}.Debug|Any CPU.ActiveCfg = Debug|Any CPU
		{E2181842-FF60-4DD4-B953-A4BC1F82C76E}.Debug|Any CPU.Build.0 = Debug|Any CPU
		{E2181842-FF60-4DD4-B953-A4BC1F82C76E}.Release|Any CPU.ActiveCfg = Release|Any CPU
		{E2181842-FF60-4DD4-B953-A4BC1F82C76E}.Release|Any CPU.Build.0 = Release|Any CPU
		{54C21602-9305-47A6-A70E-407288AAC852}.Debug|Any CPU.ActiveCfg = Debug|Any CPU
		{54C21602-9305-47A6-A70E-407288AAC852}.Debug|Any CPU.Build.0 = Debug|Any CPU
		{54C21602-9305-47A6-A70E-407288AAC852}.Release|Any CPU.ActiveCfg = Release|Any CPU
		{54C21602-9305-47A6-A70E-407288AAC852}.Release|Any CPU.Build.0 = Release|Any CPU
		{BD9CBF1D-6666-42FB-AE10-F6C7EB3943CA}.Debug|Any CPU.ActiveCfg = Debug|Any CPU
		{BD9CBF1D-6666-42FB-AE10-F6C7EB3943CA}.Debug|Any CPU.Build.0 = Debug|Any CPU
		{BD9CBF1D-6666-42FB-AE10-F6C7EB3943CA}.Release|Any CPU.ActiveCfg = Release|Any CPU
		{BD9CBF1D-6666-42FB-AE10-F6C7EB3943CA}.Release|Any CPU.Build.0 = Release|Any CPU
		{1BD1DB6B-0891-4138-B59F-1B139C9706CE}.Debug|Any CPU.ActiveCfg = Debug|Any CPU
		{1BD1DB6B-0891-4138-B59F-1B139C9706CE}.Debug|Any CPU.Build.0 = Debug|Any CPU
		{1BD1DB6B-0891-4138-B59F-1B139C9706CE}.Release|Any CPU.ActiveCfg = Release|Any CPU
		{1BD1DB6B-0891-4138-B59F-1B139C9706CE}.Release|Any CPU.Build.0 = Release|Any CPU
	EndGlobalSection
	GlobalSection(SolutionProperties) = preSolution
		HideSolutionNode = FALSE
	EndGlobalSection
	GlobalSection(ExtensibilityGlobals) = postSolution
		SolutionGuid = {CBD576AF-544C-4CE5-B018-D7B22EFDA915}
	EndGlobalSection
EndGlobal
